
Microsoft Visual Studio Solution File, Format Version 12.00
Project("{FAE04EC0-301F-11D3-BF4B-00C04F79EFBC}") = "BatchProcess", "BatchProcess\BatchProcess.csproj", "{81B51871-80DF-45B7-8BAD-28D9A884D456}"
EndProject
Global
	GlobalSection(SolutionConfigurationPlatforms) = preSolution
		Debug|Any CPU = Debug|Any CPU
		Release|Any CPU = Release|Any CPU
	EndGlobalSection
	GlobalSection(ProjectConfigurationPlatforms) = postSolution
		{81B51871-80DF-45B7-8BAD-28D9A884D456}.Debug|Any CPU.ActiveCfg = Debug|Any CPU
		{81B51871-80DF-45B7-8BAD-28D9A884D456}.Debug|Any CPU.Build.0 = Debug|Any CPU
		{81B51871-80DF-45B7-8BAD-28D9A884D456}.Release|Any CPU.ActiveCfg = Release|Any CPU
		{81B51871-80DF-45B7-8BAD-28D9A884D456}.Release|Any CPU.Build.0 = Release|Any CPU
	EndGlobalSection
EndGlobal
